
Microsoft Visual Studio Solution File, Format Version 12.00
# Visual Studio 15
VisualStudioVersion = 15.0.28307.757
MinimumVisualStudioVersion = 10.0.40219.1
Project("{F184B08F-C81C-45F6-A57F-5ABD9991F28F}") = "DAMPERSYSTEM", "DAMPERSYSTEM\DAMPERSYSTEM.vbproj", "{BDC2FA37-17D4-4A03-89D7-6CC3F188E524}"
EndProject
Global
	GlobalSection(SolutionConfigurationPlatforms) = preSolution
		Debug|Any CPU = Debug|Any CPU
		Release|Any CPU = Release|Any CPU
	EndGlobalSection
	GlobalSection(ProjectConfigurationPlatforms) = postSolution
		{BDC2FA37-17D4-4A03-89D7-6CC3F188E524}.Debug|Any CPU.ActiveCfg = Debug|Any CPU
		{BDC2FA37-17D4-4A03-89D7-6CC3F188E524}.Debug|Any CPU.Build.0 = Debug|Any CPU
		{BDC2FA37-17D4-4A03-89D7-6CC3F188E524}.Release|Any CPU.ActiveCfg = Release|Any CPU
		{BDC2FA37-17D4-4A03-89D7-6CC3F188E524}.Release|Any CPU.Build.0 = Release|Any CPU
	EndGlobalSection
	GlobalSection(SolutionProperties) = preSolution
		HideSolutionNode = FALSE
	EndGlobalSection
	GlobalSection(ExtensibilityGlobals) = postSolution
		SolutionGuid = {6BB984FC-A6FD-4B10-A284-8763A8ADE2C3}
	EndGlobalSection
EndGlobal
